{
  "name": "myapp",
  "version": "1.0.0",
  "lockfileVersion": 3,
  "requires": true,
  "packages": {
    "": {
      "name": "myapp",
      "version": "1.0.0",
      "license": "ISC",
      "dependencies": {
        "@halisterfernando/fluentsql": "^2.0.0"
      }
    },
    "node_modules/@halisterfernando/fluentsql": {
      "version": "2.0.0",
      "resolved": "https://registry.npmjs.org/@halisterfernando/fluentsql/-/fluentsql-2.0.0.tgz",
      "integrity": "sha512-lAslYZM70VPLCKoyngD+Lu8SZezGFw1ooMpHzRvNZ7+enhODjO+NILqV4klmpQES5Y8p10C8ie1N0bijUjN1WA=="
    }
  }
}
